
Microsoft Visual Studio Solution File, Format Version 12.00
# Visual Studio Version 17
VisualStudioVersion = 17.14.36301.6 d17.14
MinimumVisualStudioVersion = 10.0.40219.1
Project("{FAE04EC0-301F-11D3-BF4B-00C04F79EFBC}") = "Web", "Web\Web.csproj", "{3B8BA52E-5DEA-4B0E-9340-288B0279DE7A}"
EndProject
Project("{FAE04EC0-301F-11D3-BF4B-00C04F79EFBC}") = "Api", "Api\Api.csproj", "{E30121D3-0DBC-4465-94CA-7364F5EE2D50}"
EndProject
Project("{FAE04EC0-301F-11D3-BF4B-00C04F79EFBC}") = "ClassLibrary1", "ClassLibrary1\ClassLibrary1.csproj", "{0D76078B-5B7E-4980-B941-036B96630048}"
EndProject
Global
	GlobalSection(SolutionConfigurationPlatforms) = preSolution
		Debug|Any CPU = Debug|Any CPU
		Release|Any CPU = Release|Any CPU
	EndGlobalSection
	GlobalSection(ProjectConfigurationPlatforms) = postSolution
		{3B8BA52E-5DEA-4B0E-9340-288B0279DE7A}.Debug|Any CPU.ActiveCfg = Debug|Any CPU
		{3B8BA52E-5DEA-4B0E-9340-288B0279DE7A}.Debug|Any CPU.Build.0 = Debug|Any CPU
		{3B8BA52E-5DEA-4B0E-9340-288B0279DE7A}.Release|Any CPU.ActiveCfg = Release|Any CPU
		{3B8BA52E-5DEA-4B0E-9340-288B0279DE7A}.Release|Any CPU.Build.0 = Release|Any CPU
		{E30121D3-0DBC-4465-94CA-7364F5EE2D50}.Debug|Any CPU.ActiveCfg = Debug|Any CPU
		{E30121D3-0DBC-4465-94CA-7364F5EE2D50}.Debug|Any CPU.Build.0 = Debug|Any CPU
		{E30121D3-0DBC-4465-94CA-7364F5EE2D50}.Release|Any CPU.ActiveCfg = Release|Any CPU
		{E30121D3-0DBC-4465-94CA-7364F5EE2D50}.Release|Any CPU.Build.0 = Release|Any CPU
		{0D76078B-5B7E-4980-B941-036B96630048}.Debug|Any CPU.ActiveCfg = Debug|Any CPU
		{0D76078B-5B7E-4980-B941-036B96630048}.Debug|Any CPU.Build.0 = Debug|Any CPU
		{0D76078B-5B7E-4980-B941-036B96630048}.Release|Any CPU.ActiveCfg = Release|Any CPU
		{0D76078B-5B7E-4980-B941-036B96630048}.Release|Any CPU.Build.0 = Release|Any CPU
	EndGlobalSection
	GlobalSection(SolutionProperties) = preSolution
		HideSolutionNode = FALSE
	EndGlobalSection
	GlobalSection(ExtensibilityGlobals) = postSolution
		SolutionGuid = {30529584-47E3-42FD-9402-DB85771D829C}
	EndGlobalSection
EndGlobal
